// !$*UTF8*$!
{
	archiveVersion = 1;
	classes = {
	};
	objectVersion = 50;
	objects = {

/* Begin PBXBuildFile section */
		A61535F422E69E4700E44106 /* ItemInfo.swift in Sources */ = {isa = PBXBuildFile; fileRef = A61535F322E69E4700E44106 /* ItemInfo.swift */; };
		A615536A22E3E59E00AA601D /* Reachability.swift in Sources */ = {isa = PBXBuildFile; fileRef = A615536522E3E59E00AA601D /* Reachability.swift */; };
		A615536B22E3E59E00AA601D /* Network.swift in Sources */ = {isa = PBXBuildFile; fileRef = A615536622E3E59E00AA601D /* Network.swift */; };
		A615536C22E3E59E00AA601D /* JSON.swift in Sources */ = {isa = PBXBuildFile; fileRef = A615536722E3E59E00AA601D /* JSON.swift */; };
		A615536D22E3E59E00AA601D /* TableView.swift in Sources */ = {isa = PBXBuildFile; fileRef = A615536822E3E59E00AA601D /* TableView.swift */; };
		A615536E22E3E59E00AA601D /* Session.swift in Sources */ = {isa = PBXBuildFile; fileRef = A615536922E3E59E00AA601D /* Session.swift */; };
		A615537022E3E5C600AA601D /* GlobalVars.swift in Sources */ = {isa = PBXBuildFile; fileRef = A615536F22E3E5C600AA601D /* GlobalVars.swift */; };
		A65C9A3522E3B13D008215CC /* AppDelegate.swift in Sources */ = {isa = PBXBuildFile; fileRef = A65C9A3422E3B13D008215CC /* AppDelegate.swift */; };
		A65C9A3722E3B13D008215CC /* SceneDelegate.swift in Sources */ = {isa = PBXBuildFile; fileRef = A65C9A3622E3B13D008215CC /* SceneDelegate.swift */; };
		A65C9A3922E3B13D008215CC /* ViewController.swift in Sources */ = {isa = PBXBuildFile; fileRef = A65C9A3822E3B13D008215CC /* ViewController.swift */; };
		A65C9A3C22E3B13D008215CC /* Main.storyboard in Resources */ = {isa = PBXBuildFile; fileRef = A65C9A3A22E3B13D008215CC /* Main.storyboard */; };
		A65C9A3E22E3B13F008215CC /* Assets.xcassets in Resources */ = {isa = PBXBuildFile; fileRef = A65C9A3D22E3B13F008215CC /* Assets.xcassets */; };
		A65C9A4122E3B13F008215CC /* LaunchScreen.storyboard in Resources */ = {isa = PBXBuildFile; fileRef = A65C9A3F22E3B13F008215CC /* LaunchScreen.storyboard */; };
		A6C88F5522E41B7C00AA0586 /* Artwork.swift in Sources */ = {isa = PBXBuildFile; fileRef = A6C88F5422E41B7C00AA0586 /* Artwork.swift */; };
		A6C88F5922E4250900AA0586 /* UpNext.swift in Sources */ = {isa = PBXBuildFile; fileRef = A6C88F5822E4250900AA0586 /* UpNext.swift */; };
/* End PBXBuildFile section */

/* Begin PBXFileReference section */
		A61535F322E69E4700E44106 /* ItemInfo.swift */ = {isa = PBXFileReference; fileEncoding = 4; lastKnownFileType = sourcecode.swift; path = ItemInfo.swift; sourceTree = "<group>"; };
		A615536522E3E59E00AA601D /* Reachability.swift */ = {isa = PBXFileReference; fileEncoding = 4; lastKnownFileType = sourcecode.swift; path = Reachability.swift; sourceTree = "<group>"; };
		A615536622E3E59E00AA601D /* Network.swift */ = {isa = PBXFileReference; fileEncoding = 4; lastKnownFileType = sourcecode.swift; path = Network.swift; sourceTree = "<group>"; };
		A615536722E3E59E00AA601D /* JSON.swift */ = {isa = PBXFileReference; fileEncoding = 4; lastKnownFileType = sourcecode.swift; path = JSON.swift; sourceTree = "<group>"; };
		A615536822E3E59E00AA601D /* TableView.swift */ = {isa = PBXFileReference; fileEncoding = 4; lastKnownFileType = sourcecode.swift; path = TableView.swift; sourceTree = "<group>"; };
		A615536922E3E59E00AA601D /* Session.swift */ = {isa = PBXFileReference; fileEncoding = 4; lastKnownFileType = sourcecode.swift; path = Session.swift; sourceTree = "<group>"; };
		A615536F22E3E5C600AA601D /* GlobalVars.swift */ = {isa = PBXFileReference; fileEncoding = 4; lastKnownFileType = sourcecode.swift; path = GlobalVars.swift; sourceTree = "<group>"; };
		A65C9A3122E3B13D008215CC /* Streamer.app */ = {isa = PBXFileReference; explicitFileType = wrapper.application; includeInIndex = 0; path = Streamer.app; sourceTree = BUILT_PRODUCTS_DIR; };
		A65C9A3422E3B13D008215CC /* AppDelegate.swift */ = {isa = PBXFileReference; lastKnownFileType = sourcecode.swift; path = AppDelegate.swift; sourceTree = "<group>"; };
		A65C9A3622E3B13D008215CC /* SceneDelegate.swift */ = {isa = PBXFileReference; lastKnownFileType = sourcecode.swift; path = SceneDelegate.swift; sourceTree = "<group>"; };
		A65C9A3822E3B13D008215CC /* ViewController.swift */ = {isa = PBXFileReference; lastKnownFileType = sourcecode.swift; path = ViewController.swift; sourceTree = "<group>"; };
		A65C9A3B22E3B13D008215CC /* Base */ = {isa = PBXFileReference; lastKnownFileType = file.storyboard; name = Base; path = Base.lproj/Main.storyboard; sourceTree = "<group>"; };
		A65C9A3D22E3B13F008215CC /* Assets.xcassets */ = {isa = PBXFileReference; lastKnownFileType = folder.assetcatalog; path = Assets.xcassets; sourceTree = "<group>"; };
		A65C9A4022E3B13F008215CC /* Base */ = {isa = PBXFileReference; lastKnownFileType = file.storyboard; name = Base; path = Base.lproj/LaunchScreen.storyboard; sourceTree = "<group>"; };
		A65C9A4222E3B13F008215CC /* Info.plist */ = {isa = PBXFileReference; lastKnownFileType = text.plist.xml; path = Info.plist; sourceTree = "<group>"; };
		A6C88F5122E4189E00AA0586 /* Streamer.entitlements */ = {isa = PBXFileReference; lastKnownFileType = text.plist.entitlements; path = Streamer.entitlements; sourceTree = "<group>"; };
		A6C88F5422E41B7C00AA0586 /* Artwork.swift */ = {isa = PBXFileReference; fileEncoding = 4; lastKnownFileType = sourcecode.swift; path = Artwork.swift; sourceTree = "<group>"; };
		A6C88F5822E4250900AA0586 /* UpNext.swift */ = {isa = PBXFileReference; fileEncoding = 4; lastKnownFileType = sourcecode.swift; path = UpNext.swift; sourceTree = "<group>"; };
/* End PBXFileReference section */

/* Begin PBXFrameworksBuildPhase section */
		A65C9A2E22E3B13D008215CC /* Frameworks */ = {
			isa = PBXFrameworksBuildPhase;
			buildActionMask = 2147483647;
			files = (
			);
			runOnlyForDeploymentPostprocessing = 0;
		};
/* End PBXFrameworksBuildPhase section */

/* Begin PBXGroup section */
		A65C9A2822E3B13D008215CC = {
			isa = PBXGroup;
			children = (
				A65C9A3322E3B13D008215CC /* Streamer */,
				A65C9A3222E3B13D008215CC /* Products */,
			);
			sourceTree = "<group>";
		};
		A65C9A3222E3B13D008215CC /* Products */ = {
			isa = PBXGroup;
			children = (
				A65C9A3122E3B13D008215CC /* Streamer.app */,
			);
			name = Products;
			sourceTree = "<group>";
		};
		A65C9A3322E3B13D008215CC /* Streamer */ = {
			isa = PBXGroup;
			children = (
				A6C88F5122E4189E00AA0586 /* Streamer.entitlements */,
				A65C9A4222E3B13F008215CC /* Info.plist */,
				A65C9A3422E3B13D008215CC /* AppDelegate.swift */,
				A6C88F5422E41B7C00AA0586 /* Artwork.swift */,
				A615536F22E3E5C600AA601D /* GlobalVars.swift */,
				A61535F322E69E4700E44106 /* ItemInfo.swift */,
				A615536722E3E59E00AA601D /* JSON.swift */,
				A615536622E3E59E00AA601D /* Network.swift */,
				A615536522E3E59E00AA601D /* Reachability.swift */,
				A65C9A3622E3B13D008215CC /* SceneDelegate.swift */,
				A615536922E3E59E00AA601D /* Session.swift */,
				A615536822E3E59E00AA601D /* TableView.swift */,
				A6C88F5822E4250900AA0586 /* UpNext.swift */,
				A65C9A3822E3B13D008215CC /* ViewController.swift */,
				A65C9A3D22E3B13F008215CC /* Assets.xcassets */,
				A65C9A3F22E3B13F008215CC /* LaunchScreen.storyboard */,
				A65C9A3A22E3B13D008215CC /* Main.storyboard */,
			);
			path = Streamer;
			sourceTree = "<group>";
		};
/* End PBXGroup section */

/* Begin PBXNativeTarget section */
		A65C9A3022E3B13D008215CC /* Streamer */ = {
			isa = PBXNativeTarget;
			buildConfigurationList = A65C9A4522E3B13F008215CC /* Build configuration list for PBXNativeTarget "Streamer" */;
			buildPhases = (
				A65C9A2D22E3B13D008215CC /* Sources */,
				A65C9A2E22E3B13D008215CC /* Frameworks */,
				A65C9A2F22E3B13D008215CC /* Resources */,
			);
			buildRules = (
			);
			dependencies = (
			);
			name = Streamer;
			productName = Streamer;
			productReference = A65C9A3122E3B13D008215CC /* Streamer.app */;
			productType = "com.apple.product-type.application";
		};
/* End PBXNativeTarget section */

/* Begin PBXProject section */
		A65C9A2922E3B13D008215CC /* Project object */ = {
			isa = PBXProject;
			attributes = {
				LastSwiftUpdateCheck = 1100;
				LastUpgradeCheck = 1100;
				ORGANIZATIONNAME = Scarlet;
				TargetAttributes = {
					A65C9A3022E3B13D008215CC = {
						CreatedOnToolsVersion = 11.0;
					};
				};
			};
			buildConfigurationList = A65C9A2C22E3B13D008215CC /* Build configuration list for PBXProject "Streamer" */;
			compatibilityVersion = "Xcode 9.3";
			developmentRegion = en;
			hasScannedForEncodings = 0;
			knownRegions = (
				en,
				Base,
			);
			mainGroup = A65C9A2822E3B13D008215CC;
			productRefGroup = A65C9A3222E3B13D008215CC /* Products */;
			projectDirPath = "";
			projectRoot = "";
			targets = (
				A65C9A3022E3B13D008215CC /* Streamer */,
			);
		};
/* End PBXProject section */

/* Begin PBXResourcesBuildPhase section */
		A65C9A2F22E3B13D008215CC /* Resources */ = {
			isa = PBXResourcesBuildPhase;
			buildActionMask = 2147483647;
			files = (
				A65C9A4122E3B13F008215CC /* LaunchScreen.storyboard in Resources */,
				A65C9A3E22E3B13F008215CC /* Assets.xcassets in Resources */,
				A65C9A3C22E3B13D008215CC /* Main.storyboard in Resources */,
			);
			runOnlyForDeploymentPostprocessing = 0;
		};
/* End PBXResourcesBuildPhase section */

/* Begin PBXSourcesBuildPhase section */
		A65C9A2D22E3B13D008215CC /* Sources */ = {
			isa = PBXSourcesBuildPhase;
			buildActionMask = 2147483647;
			files = (
				A6C88F5522E41B7C00AA0586 /* Artwork.swift in Sources */,
				A615536B22E3E59E00AA601D /* Network.swift in Sources */,
				A615537022E3E5C600AA601D /* GlobalVars.swift in Sources */,
				A65C9A3922E3B13D008215CC /* ViewController.swift in Sources */,
				A65C9A3522E3B13D008215CC /* AppDelegate.swift in Sources */,
				A615536D22E3E59E00AA601D /* TableView.swift in Sources */,
				A6C88F5922E4250900AA0586 /* UpNext.swift in Sources */,
				A615536E22E3E59E00AA601D /* Session.swift in Sources */,
				A615536C22E3E59E00AA601D /* JSON.swift in Sources */,
				A615536A22E3E59E00AA601D /* Reachability.swift in Sources */,
				A65C9A3722E3B13D008215CC /* SceneDelegate.swift in Sources */,
				A61535F422E69E4700E44106 /* ItemInfo.swift in Sources */,
			);
			runOnlyForDeploymentPostprocessing = 0;
		};
/* End PBXSourcesBuildPhase section */

/* Begin PBXVariantGroup section */
		A65C9A3A22E3B13D008215CC /* Main.storyboard */ = {
			isa = PBXVariantGroup;
			children = (
				A65C9A3B22E3B13D008215CC /* Base */,
			);
			name = Main.storyboard;
			sourceTree = "<group>";
		};
		A65C9A3F22E3B13F008215CC /* LaunchScreen.storyboard */ = {
			isa = PBXVariantGroup;
			children = (
				A65C9A4022E3B13F008215CC /* Base */,
			);
			name = LaunchScreen.storyboard;
			sourceTree = "<group>";
		};
/* End PBXVariantGroup section */

/* Begin XCBuildConfiguration section */
		A65C9A4322E3B13F008215CC /* Debug */ = {
			isa = XCBuildConfiguration;
			buildSettings = {
				ALWAYS_SEARCH_USER_PATHS = NO;
				CLANG_ANALYZER_NONNULL = YES;
				CLANG_ANALYZER_NUMBER_OBJECT_CONVERSION = YES_AGGRESSIVE;
				CLANG_CXX_LANGUAGE_STANDARD = "gnu++14";
				CLANG_CXX_LIBRARY = "libc++";
				CLANG_ENABLE_MODULES = YES;
				CLANG_ENABLE_OBJC_ARC = YES;
				CLANG_ENABLE_OBJC_WEAK = YES;
				CLANG_WARN_BLOCK_CAPTURE_AUTORELEASING = YES;
				CLANG_WARN_BOOL_CONVERSION = YES;
				CLANG_WARN_COMMA = YES;
				CLANG_WARN_CONSTANT_CONVERSION = YES;
				CLANG_WARN_DEPRECATED_OBJC_IMPLEMENTATIONS = YES;
				CLANG_WARN_DIRECT_OBJC_ISA_USAGE = YES_ERROR;
				CLANG_WARN_DOCUMENTATION_COMMENTS = YES;
				CLANG_WARN_EMPTY_BODY = YES;
				CLANG_WARN_ENUM_CONVERSION = YES;
				CLANG_WARN_INFINITE_RECURSION = YES;
				CLANG_WARN_INT_CONVERSION = YES;
				CLANG_WARN_NON_LITERAL_NULL_CONVERSION = YES;
				CLANG_WARN_OBJC_IMPLICIT_RETAIN_SELF = YES;
				CLANG_WARN_OBJC_LITERAL_CONVERSION = YES;
				CLANG_WARN_OBJC_ROOT_CLASS = YES_ERROR;
				CLANG_WARN_RANGE_LOOP_ANALYSIS = YES;
				CLANG_WARN_STRICT_PROTOTYPES = YES;
				CLANG_WARN_SUSPICIOUS_MOVE = YES;
				CLANG_WARN_UNGUARDED_AVAILABILITY = YES_AGGRESSIVE;
				CLANG_WARN_UNREACHABLE_CODE = YES;
				CLANG_WARN__DUPLICATE_METHOD_MATCH = YES;
				COPY_PHASE_STRIP = NO;
				DEBUG_INFORMATION_FORMAT = dwarf;
				ENABLE_STRICT_OBJC_MSGSEND = YES;
				ENABLE_TESTABILITY = YES;
				GCC_C_LANGUAGE_STANDARD = gnu11;
				GCC_DYNAMIC_NO_PIC = NO;
				GCC_NO_COMMON_BLOCKS = YES;
				GCC_OPTIMIZATION_LEVEL = 0;
				GCC_PREPROCESSOR_DEFINITIONS = (
					"DEBUG=1",
					"$(inherited)",
				);
				GCC_WARN_64_TO_32_BIT_CONVERSION = YES;
				GCC_WARN_ABOUT_RETURN_TYPE = YES_ERROR;
				GCC_WARN_UNDECLARED_SELECTOR = YES;
				GCC_WARN_UNINITIALIZED_AUTOS = YES_AGGRESSIVE;
				GCC_WARN_UNUSED_FUNCTION = YES;
				GCC_WARN_UNUSED_VARIABLE = YES;
				IPHONEOS_DEPLOYMENT_TARGET = 13.0;
				MTL_ENABLE_DEBUG_INFO = INCLUDE_SOURCE;
				MTL_FAST_MATH = YES;
				ONLY_ACTIVE_ARCH = YES;
				SDKROOT = iphoneos;
				SWIFT_ACTIVE_COMPILATION_CONDITIONS = DEBUG;
				SWIFT_OPTIMIZATION_LEVEL = "-Onone";
			};
			name = Debug;
		};
		A65C9A4422E3B13F008215CC /* Release */ = {
			isa = XCBuildConfiguration;
			buildSettings = {
				ALWAYS_SEARCH_USER_PATHS = NO;
				CLANG_ANALYZER_NONNULL = YES;
				CLANG_ANALYZER_NUMBER_OBJECT_CONVERSION = YES_AGGRESSIVE;
				CLANG_CXX_LANGUAGE_STANDARD = "gnu++14";
				CLANG_CXX_LIBRARY = "libc++";
				CLANG_ENABLE_MODULES = YES;
				CLANG_ENABLE_OBJC_ARC = YES;
				CLANG_ENABLE_OBJC_WEAK = YES;
				CLANG_WARN_BLOCK_CAPTURE_AUTORELEASING = YES;
				CLANG_WARN_BOOL_CONVERSION = YES;
				CLANG_WARN_COMMA = YES;
				CLANG_WARN_CONSTANT_CONVERSION = YES;
				CLANG_WARN_DEPRECATED_OBJC_IMPLEMENTATIONS = YES;
				CLANG_WARN_DIRECT_OBJC_ISA_USAGE = YES_ERROR;
				CLANG_WARN_DOCUMENTATION_COMMENTS = YES;
				CLANG_WARN_EMPTY_BODY = YES;
				CLANG_WARN_ENUM_CONVERSION = YES;
				CLANG_WARN_INFINITE_RECURSION = YES;
				CLANG_WARN_INT_CONVERSION = YES;
				CLANG_WARN_NON_LITERAL_NULL_CONVERSION = YES;
				CLANG_WARN_OBJC_IMPLICIT_RETAIN_SELF = YES;
				CLANG_WARN_OBJC_LITERAL_CONVERSION = YES;
				CLANG_WARN_OBJC_ROOT_CLASS = YES_ERROR;
				CLANG_WARN_RANGE_LOOP_ANALYSIS = YES;
				CLANG_WARN_STRICT_PROTOTYPES = YES;
				CLANG_WARN_SUSPICIOUS_MOVE = YES;
				CLANG_WARN_UNGUARDED_AVAILABILITY = YES_AGGRESSIVE;
				CLANG_WARN_UNREACHABLE_CODE = YES;
				CLANG_WARN__DUPLICATE_METHOD_MATCH = YES;
				COPY_PHASE_STRIP = NO;
				DEBUG_INFORMATION_FORMAT = "dwarf-with-dsym";
				ENABLE_NS_ASSERTIONS = NO;
				ENABLE_STRICT_OBJC_MSGSEND = YES;
				GCC_C_LANGUAGE_STANDARD = gnu11;
				GCC_NO_COMMON_BLOCKS = YES;
				GCC_WARN_64_TO_32_BIT_CONVERSION = YES;
				GCC_WARN_ABOUT_RETURN_TYPE = YES_ERROR;
				GCC_WARN_UNDECLARED_SELECTOR = YES;
				GCC_WARN_UNINITIALIZED_AUTOS = YES_AGGRESSIVE;
				GCC_WARN_UNUSED_FUNCTION = YES;
				GCC_WARN_UNUSED_VARIABLE = YES;
				IPHONEOS_DEPLOYMENT_TARGET = 13.0;
				MTL_ENABLE_DEBUG_INFO = NO;
				MTL_FAST_MATH = YES;
				SDKROOT = iphoneos;
				SWIFT_COMPILATION_MODE = wholemodule;
				SWIFT_OPTIMIZATION_LEVEL = "-O";
				VALIDATE_PRODUCT = YES;
			};
			name = Release;
		};
		A65C9A4622E3B13F008215CC /* Debug */ = {
			isa = XCBuildConfiguration;
			buildSettings = {
				ASSETCATALOG_COMPILER_APPICON_NAME = AppIcon;
				CODE_SIGN_ENTITLEMENTS = Streamer/Streamer.entitlements;
				CODE_SIGN_STYLE = Automatic;
				DERIVE_UIKITFORMAC_PRODUCT_BUNDLE_IDENTIFIER = YES;
				DEVELOPMENT_TEAM = 7WC44F9Y8F;
				INFOPLIST_FILE = Streamer/Info.plist;
				LD_RUNPATH_SEARCH_PATHS = (
					"$(inherited)",
					"@executable_path/Frameworks",
				);
				PRODUCT_BUNDLE_IDENTIFIER = net.scarletsc.Streamer;
				PRODUCT_NAME = "$(TARGET_NAME)";
				SUPPORTS_UIKITFORMAC = YES;
				SWIFT_VERSION = 5.0;
				TARGETED_DEVICE_FAMILY = "1,2";
			};
			name = Debug;
		};
		A65C9A4722E3B13F008215CC /* Release */ = {
			isa = XCBuildConfiguration;
			buildSettings = {
				ASSETCATALOG_COMPILER_APPICON_NAME = AppIcon;
				CODE_SIGN_ENTITLEMENTS = Streamer/Streamer.entitlements;
				CODE_SIGN_STYLE = Automatic;
				DERIVE_UIKITFORMAC_PRODUCT_BUNDLE_IDENTIFIER = YES;
				DEVELOPMENT_TEAM = 7WC44F9Y8F;
				INFOPLIST_FILE = Streamer/Info.plist;
				LD_RUNPATH_SEARCH_PATHS = (
					"$(inherited)",
					"@executable_path/Frameworks",
				);
				PRODUCT_BUNDLE_IDENTIFIER = net.scarletsc.Streamer;
				PRODUCT_NAME = "$(TARGET_NAME)";
				SUPPORTS_UIKITFORMAC = YES;
				SWIFT_VERSION = 5.0;
				TARGETED_DEVICE_FAMILY = "1,2";
			};
			name = Release;
		};
/* End XCBuildConfiguration section */

/* Begin XCConfigurationList section */
		A65C9A2C22E3B13D008215CC /* Build configuration list for PBXProject "Streamer" */ = {
			isa = XCConfigurationList;
			buildConfigurations = (
				A65C9A4322E3B13F008215CC /* Debug */,
				A65C9A4422E3B13F008215CC /* Release */,
			);
			defaultConfigurationIsVisible = 0;
			defaultConfigurationName = Release;
		};
		A65C9A4522E3B13F008215CC /* Build configuration list for PBXNativeTarget "Streamer" */ = {
			isa = XCConfigurationList;
			buildConfigurations = (
				A65C9A4622E3B13F008215CC /* Debug */,
				A65C9A4722E3B13F008215CC /* Release */,
			);
			defaultConfigurationIsVisible = 0;
			defaultConfigurationName = Release;
		};
/* End XCConfigurationList section */
	};
	rootObject = A65C9A2922E3B13D008215CC /* Project object */;
}
